// !$*UTF8*$!
{
	archiveVersion = 1;
	classes = {
	};
	objectVersion = 52;
	objects = {

/* Begin PBXBuildFile section */
		A095AB072736E19600DD0022 /* anacronysmApp.swift in Sources */ = {isa = PBXBuildFile; fileRef = A095AB062736E19600DD0022 /* anacronysmApp.swift */; };
		A095AB0B2736E19800DD0022 /* Assets.xcassets in Resources */ = {isa = PBXBuildFile; fileRef = A095AB0A2736E19800DD0022 /* Assets.xcassets */; };
		A095AB0E2736E19800DD0022 /* Preview Assets.xcassets in Resources */ = {isa = PBXBuildFile; fileRef = A095AB0D2736E19800DD0022 /* Preview Assets.xcassets */; };
		A095AB192736E19900DD0022 /* anacronysmTests.swift in Sources */ = {isa = PBXBuildFile; fileRef = A095AB182736E19900DD0022 /* anacronysmTests.swift */; };
		A095AB382736E4AD00DD0022 /* HomeView.swift in Sources */ = {isa = PBXBuildFile; fileRef = A095AB372736E4AD00DD0022 /* HomeView.swift */; };
		A095AB3A2736E81900DD0022 /* Extensions.swift in Sources */ = {isa = PBXBuildFile; fileRef = A095AB392736E81900DD0022 /* Extensions.swift */; };
		A095AB3C2736EA6100DD0022 /* CustomTextField.swift in Sources */ = {isa = PBXBuildFile; fileRef = A095AB3B2736EA6100DD0022 /* CustomTextField.swift */; };
		A095AB402736FE4300DD0022 /* AnacronymVM.swift in Sources */ = {isa = PBXBuildFile; fileRef = A095AB3F2736FE4300DD0022 /* AnacronymVM.swift */; };
		A095AB442736FF1500DD0022 /* ResultsView.swift in Sources */ = {isa = PBXBuildFile; fileRef = A095AB432736FF1500DD0022 /* ResultsView.swift */; };
		A095AB47273748CD00DD0022 /* ActivityIndicatorView in Frameworks */ = {isa = PBXBuildFile; productRef = A095AB46273748CD00DD0022 /* ActivityIndicatorView */; };
		A095AB4B27374AAA00DD0022 /* LongForm.swift in Sources */ = {isa = PBXBuildFile; fileRef = A095AB4A27374AAA00DD0022 /* LongForm.swift */; };
		A095AB4D27374DED00DD0022 /* Endpoints.swift in Sources */ = {isa = PBXBuildFile; fileRef = A095AB4C27374DED00DD0022 /* Endpoints.swift */; };
		A095AB4F27374E7D00DD0022 /* Webservice.swift in Sources */ = {isa = PBXBuildFile; fileRef = A095AB4E27374E7D00DD0022 /* Webservice.swift */; };
		A095AB5127374EC800DD0022 /* HttpMethod.swift in Sources */ = {isa = PBXBuildFile; fileRef = A095AB5027374EC800DD0022 /* HttpMethod.swift */; };
		A095AB5327374ED200DD0022 /* HttpStatus.swift in Sources */ = {isa = PBXBuildFile; fileRef = A095AB5227374ED200DD0022 /* HttpStatus.swift */; };
		A095AB55273772E400DD0022 /* LFCardView.swift in Sources */ = {isa = PBXBuildFile; fileRef = A095AB54273772E400DD0022 /* LFCardView.swift */; };
		A095AB572737817400DD0022 /* LFCardVM.swift in Sources */ = {isa = PBXBuildFile; fileRef = A095AB562737817400DD0022 /* LFCardVM.swift */; };
		A0CBF128273857A40088AC7D /* VariantCardView.swift in Sources */ = {isa = PBXBuildFile; fileRef = A0CBF127273857A40088AC7D /* VariantCardView.swift */; };
		A0CBF12A273858B50088AC7D /* VariantsView.swift in Sources */ = {isa = PBXBuildFile; fileRef = A0CBF129273858B50088AC7D /* VariantsView.swift */; };
		A0CBF12D273868420088AC7D /* AlertToast in Frameworks */ = {isa = PBXBuildFile; productRef = A0CBF12C273868420088AC7D /* AlertToast */; };
/* End PBXBuildFile section */

/* Begin PBXContainerItemProxy section */
		A095AB152736E19900DD0022 /* PBXContainerItemProxy */ = {
			isa = PBXContainerItemProxy;
			containerPortal = A095AAFB2736E19600DD0022 /* Project object */;
			proxyType = 1;
			remoteGlobalIDString = A095AB022736E19600DD0022;
			remoteInfo = anacronysm;
		};
/* End PBXContainerItemProxy section */

/* Begin PBXFileReference section */
		A095AB032736E19600DD0022 /* anacronyms.app */ = {isa = PBXFileReference; explicitFileType = wrapper.application; includeInIndex = 0; path = anacronyms.app; sourceTree = BUILT_PRODUCTS_DIR; };
		A095AB062736E19600DD0022 /* anacronysmApp.swift */ = {isa = PBXFileReference; lastKnownFileType = sourcecode.swift; path = anacronysmApp.swift; sourceTree = "<group>"; };
		A095AB0A2736E19800DD0022 /* Assets.xcassets */ = {isa = PBXFileReference; lastKnownFileType = folder.assetcatalog; path = Assets.xcassets; sourceTree = "<group>"; };
		A095AB0D2736E19800DD0022 /* Preview Assets.xcassets */ = {isa = PBXFileReference; lastKnownFileType = folder.assetcatalog; path = "Preview Assets.xcassets"; sourceTree = "<group>"; };
		A095AB0F2736E19800DD0022 /* Info.plist */ = {isa = PBXFileReference; lastKnownFileType = text.plist.xml; path = Info.plist; sourceTree = "<group>"; };
		A095AB142736E19900DD0022 /* anacronymsTests.xctest */ = {isa = PBXFileReference; explicitFileType = wrapper.cfbundle; includeInIndex = 0; path = anacronymsTests.xctest; sourceTree = BUILT_PRODUCTS_DIR; };
		A095AB182736E19900DD0022 /* anacronysmTests.swift */ = {isa = PBXFileReference; lastKnownFileType = sourcecode.swift; path = anacronysmTests.swift; sourceTree = "<group>"; };
		A095AB1A2736E19900DD0022 /* Info.plist */ = {isa = PBXFileReference; lastKnownFileType = text.plist.xml; path = Info.plist; sourceTree = "<group>"; };
		A095AB372736E4AD00DD0022 /* HomeView.swift */ = {isa = PBXFileReference; lastKnownFileType = sourcecode.swift; path = HomeView.swift; sourceTree = "<group>"; };
		A095AB392736E81900DD0022 /* Extensions.swift */ = {isa = PBXFileReference; lastKnownFileType = sourcecode.swift; path = Extensions.swift; sourceTree = "<group>"; };
		A095AB3B2736EA6100DD0022 /* CustomTextField.swift */ = {isa = PBXFileReference; fileEncoding = 4; lastKnownFileType = sourcecode.swift; path = CustomTextField.swift; sourceTree = "<group>"; };
		A095AB3F2736FE4300DD0022 /* AnacronymVM.swift */ = {isa = PBXFileReference; lastKnownFileType = sourcecode.swift; path = AnacronymVM.swift; sourceTree = "<group>"; };
		A095AB432736FF1500DD0022 /* ResultsView.swift */ = {isa = PBXFileReference; lastKnownFileType = sourcecode.swift; path = ResultsView.swift; sourceTree = "<group>"; };
		A095AB4A27374AAA00DD0022 /* LongForm.swift */ = {isa = PBXFileReference; lastKnownFileType = sourcecode.swift; path = LongForm.swift; sourceTree = "<group>"; };
		A095AB4C27374DED00DD0022 /* Endpoints.swift */ = {isa = PBXFileReference; lastKnownFileType = sourcecode.swift; path = Endpoints.swift; sourceTree = "<group>"; };
		A095AB4E27374E7D00DD0022 /* Webservice.swift */ = {isa = PBXFileReference; lastKnownFileType = sourcecode.swift; path = Webservice.swift; sourceTree = "<group>"; };
		A095AB5027374EC800DD0022 /* HttpMethod.swift */ = {isa = PBXFileReference; fileEncoding = 4; lastKnownFileType = sourcecode.swift; path = HttpMethod.swift; sourceTree = "<group>"; };
		A095AB5227374ED200DD0022 /* HttpStatus.swift */ = {isa = PBXFileReference; fileEncoding = 4; lastKnownFileType = sourcecode.swift; path = HttpStatus.swift; sourceTree = "<group>"; };
		A095AB54273772E400DD0022 /* LFCardView.swift */ = {isa = PBXFileReference; lastKnownFileType = sourcecode.swift; path = LFCardView.swift; sourceTree = "<group>"; };
		A095AB562737817400DD0022 /* LFCardVM.swift */ = {isa = PBXFileReference; lastKnownFileType = sourcecode.swift; path = LFCardVM.swift; sourceTree = "<group>"; };
		A0CBF127273857A40088AC7D /* VariantCardView.swift */ = {isa = PBXFileReference; lastKnownFileType = sourcecode.swift; path = VariantCardView.swift; sourceTree = "<group>"; };
		A0CBF129273858B50088AC7D /* VariantsView.swift */ = {isa = PBXFileReference; lastKnownFileType = sourcecode.swift; path = VariantsView.swift; sourceTree = "<group>"; };
/* End PBXFileReference section */

/* Begin PBXFrameworksBuildPhase section */
		A095AB002736E19600DD0022 /* Frameworks */ = {
			isa = PBXFrameworksBuildPhase;
			buildActionMask = 2147483647;
			files = (
				A095AB47273748CD00DD0022 /* ActivityIndicatorView in Frameworks */,
				A0CBF12D273868420088AC7D /* AlertToast in Frameworks */,
			);
			runOnlyForDeploymentPostprocessing = 0;
		};
		A095AB112736E19900DD0022 /* Frameworks */ = {
			isa = PBXFrameworksBuildPhase;
			buildActionMask = 2147483647;
			files = (
			);
			runOnlyForDeploymentPostprocessing = 0;
		};
/* End PBXFrameworksBuildPhase section */

/* Begin PBXGroup section */
		A095AAFA2736E19600DD0022 = {
			isa = PBXGroup;
			children = (
				A095AB052736E19600DD0022 /* anacronysm */,
				A095AB172736E19900DD0022 /* anacronysmTests */,
				A095AB042736E19600DD0022 /* Products */,
			);
			sourceTree = "<group>";
		};
		A095AB042736E19600DD0022 /* Products */ = {
			isa = PBXGroup;
			children = (
				A095AB032736E19600DD0022 /* anacronyms.app */,
				A095AB142736E19900DD0022 /* anacronymsTests.xctest */,
			);
			name = Products;
			sourceTree = "<group>";
		};
		A095AB052736E19600DD0022 /* anacronysm */ = {
			isa = PBXGroup;
			children = (
				A095AB0F2736E19800DD0022 /* Info.plist */,
				A095AB312736E3CB00DD0022 /* Supporting Files */,
				A095AB352736E40800DD0022 /* Model */,
				A095AB332736E3EB00DD0022 /* View */,
				A095AB342736E3FB00DD0022 /* ViewModel */,
				A095AB0C2736E19800DD0022 /* Preview Content */,
			);
			path = anacronysm;
			sourceTree = "<group>";
		};
		A095AB0C2736E19800DD0022 /* Preview Content */ = {
			isa = PBXGroup;
			children = (
				A095AB0D2736E19800DD0022 /* Preview Assets.xcassets */,
			);
			path = "Preview Content";
			sourceTree = "<group>";
		};
		A095AB172736E19900DD0022 /* anacronysmTests */ = {
			isa = PBXGroup;
			children = (
				A095AB182736E19900DD0022 /* anacronysmTests.swift */,
				A095AB1A2736E19900DD0022 /* Info.plist */,
			);
			path = anacronysmTests;
			sourceTree = "<group>";
		};
		A095AB312736E3CB00DD0022 /* Supporting Files */ = {
			isa = PBXGroup;
			children = (
				A095AB0A2736E19800DD0022 /* Assets.xcassets */,
				A095AB062736E19600DD0022 /* anacronysmApp.swift */,
				A095AB392736E81900DD0022 /* Extensions.swift */,
				A095AB4C27374DED00DD0022 /* Endpoints.swift */,
				A095AB4E27374E7D00DD0022 /* Webservice.swift */,
				A095AB5027374EC800DD0022 /* HttpMethod.swift */,
				A095AB5227374ED200DD0022 /* HttpStatus.swift */,
			);
			path = "Supporting Files";
			sourceTree = "<group>";
		};
		A095AB332736E3EB00DD0022 /* View */ = {
			isa = PBXGroup;
			children = (
				A095AB3B2736EA6100DD0022 /* CustomTextField.swift */,
				A095AB372736E4AD00DD0022 /* HomeView.swift */,
				A095AB432736FF1500DD0022 /* ResultsView.swift */,
				A095AB54273772E400DD0022 /* LFCardView.swift */,
				A0CBF129273858B50088AC7D /* VariantsView.swift */,
				A0CBF127273857A40088AC7D /* VariantCardView.swift */,
			);
			path = View;
			sourceTree = "<group>";
		};
		A095AB342736E3FB00DD0022 /* ViewModel */ = {
			isa = PBXGroup;
			children = (
				A095AB3F2736FE4300DD0022 /* AnacronymVM.swift */,
				A095AB562737817400DD0022 /* LFCardVM.swift */,
			);
			path = ViewModel;
			sourceTree = "<group>";
		};
		A095AB352736E40800DD0022 /* Model */ = {
			isa = PBXGroup;
			children = (
				A095AB4A27374AAA00DD0022 /* LongForm.swift */,
			);
			path = Model;
			sourceTree = "<group>";
		};
/* End PBXGroup section */

/* Begin PBXNativeTarget section */
		A095AB022736E19600DD0022 /* anacronyms */ = {
			isa = PBXNativeTarget;
			buildConfigurationList = A095AB282736E19900DD0022 /* Build configuration list for PBXNativeTarget "anacronyms" */;
			buildPhases = (
				A095AAFF2736E19600DD0022 /* Sources */,
				A095AB002736E19600DD0022 /* Frameworks */,
				A095AB012736E19600DD0022 /* Resources */,
			);
			buildRules = (
			);
			dependencies = (
			);
			name = anacronyms;
			packageProductDependencies = (
				A095AB46273748CD00DD0022 /* ActivityIndicatorView */,
				A0CBF12C273868420088AC7D /* AlertToast */,
			);
			productName = anacronysm;
			productReference = A095AB032736E19600DD0022 /* anacronyms.app */;
			productType = "com.apple.product-type.application";
		};
		A095AB132736E19900DD0022 /* anacronymsTests */ = {
			isa = PBXNativeTarget;
			buildConfigurationList = A095AB2B2736E19900DD0022 /* Build configuration list for PBXNativeTarget "anacronymsTests" */;
			buildPhases = (
				A095AB102736E19900DD0022 /* Sources */,
				A095AB112736E19900DD0022 /* Frameworks */,
				A095AB122736E19900DD0022 /* Resources */,
			);
			buildRules = (
			);
			dependencies = (
				A095AB162736E19900DD0022 /* PBXTargetDependency */,
			);
			name = anacronymsTests;
			productName = anacronysmTests;
			productReference = A095AB142736E19900DD0022 /* anacronymsTests.xctest */;
			productType = "com.apple.product-type.bundle.unit-test";
		};
/* End PBXNativeTarget section */

/* Begin PBXProject section */
		A095AAFB2736E19600DD0022 /* Project object */ = {
			isa = PBXProject;
			attributes = {
				LastSwiftUpdateCheck = 1250;
				LastUpgradeCheck = 1250;
				TargetAttributes = {
					A095AB022736E19600DD0022 = {
						CreatedOnToolsVersion = 12.5.1;
					};
					A095AB132736E19900DD0022 = {
						CreatedOnToolsVersion = 12.5.1;
						TestTargetID = A095AB022736E19600DD0022;
					};
				};
			};
			buildConfigurationList = A095AAFE2736E19600DD0022 /* Build configuration list for PBXProject "anacronyms" */;
			compatibilityVersion = "Xcode 9.3";
			developmentRegion = en;
			hasScannedForEncodings = 0;
			knownRegions = (
				en,
				Base,
			);
			mainGroup = A095AAFA2736E19600DD0022;
			packageReferences = (
				A095AB45273748CD00DD0022 /* XCRemoteSwiftPackageReference "ActivityIndicatorView" */,
				A0CBF12B273868420088AC7D /* XCRemoteSwiftPackageReference "AlertToast" */,
			);
			productRefGroup = A095AB042736E19600DD0022 /* Products */;
			projectDirPath = "";
			projectRoot = "";
			targets = (
				A095AB022736E19600DD0022 /* anacronyms */,
				A095AB132736E19900DD0022 /* anacronymsTests */,
			);
		};
/* End PBXProject section */

/* Begin PBXResourcesBuildPhase section */
		A095AB012736E19600DD0022 /* Resources */ = {
			isa = PBXResourcesBuildPhase;
			buildActionMask = 2147483647;
			files = (
				A095AB0E2736E19800DD0022 /* Preview Assets.xcassets in Resources */,
				A095AB0B2736E19800DD0022 /* Assets.xcassets in Resources */,
			);
			runOnlyForDeploymentPostprocessing = 0;
		};
		A095AB122736E19900DD0022 /* Resources */ = {
			isa = PBXResourcesBuildPhase;
			buildActionMask = 2147483647;
			files = (
			);
			runOnlyForDeploymentPostprocessing = 0;
		};
/* End PBXResourcesBuildPhase section */

/* Begin PBXSourcesBuildPhase section */
		A095AAFF2736E19600DD0022 /* Sources */ = {
			isa = PBXSourcesBuildPhase;
			buildActionMask = 2147483647;
			files = (
				A0CBF128273857A40088AC7D /* VariantCardView.swift in Sources */,
				A095AB3C2736EA6100DD0022 /* CustomTextField.swift in Sources */,
				A095AB442736FF1500DD0022 /* ResultsView.swift in Sources */,
				A0CBF12A273858B50088AC7D /* VariantsView.swift in Sources */,
				A095AB402736FE4300DD0022 /* AnacronymVM.swift in Sources */,
				A095AB55273772E400DD0022 /* LFCardView.swift in Sources */,
				A095AB382736E4AD00DD0022 /* HomeView.swift in Sources */,
				A095AB5127374EC800DD0022 /* HttpMethod.swift in Sources */,
				A095AB3A2736E81900DD0022 /* Extensions.swift in Sources */,
				A095AB072736E19600DD0022 /* anacronysmApp.swift in Sources */,
				A095AB4D27374DED00DD0022 /* Endpoints.swift in Sources */,
				A095AB572737817400DD0022 /* LFCardVM.swift in Sources */,
				A095AB4F27374E7D00DD0022 /* Webservice.swift in Sources */,
				A095AB4B27374AAA00DD0022 /* LongForm.swift in Sources */,
				A095AB5327374ED200DD0022 /* HttpStatus.swift in Sources */,
			);
			runOnlyForDeploymentPostprocessing = 0;
		};
		A095AB102736E19900DD0022 /* Sources */ = {
			isa = PBXSourcesBuildPhase;
			buildActionMask = 2147483647;
			files = (
				A095AB192736E19900DD0022 /* anacronysmTests.swift in Sources */,
			);
			runOnlyForDeploymentPostprocessing = 0;
		};
/* End PBXSourcesBuildPhase section */

/* Begin PBXTargetDependency section */
		A095AB162736E19900DD0022 /* PBXTargetDependency */ = {
			isa = PBXTargetDependency;
			target = A095AB022736E19600DD0022 /* anacronyms */;
			targetProxy = A095AB152736E19900DD0022 /* PBXContainerItemProxy */;
		};
/* End PBXTargetDependency section */

/* Begin XCBuildConfiguration section */
		A095AB262736E19900DD0022 /* Debug */ = {
			isa = XCBuildConfiguration;
			buildSettings = {
				ALWAYS_SEARCH_USER_PATHS = NO;
				CLANG_ANALYZER_NONNULL = YES;
				CLANG_ANALYZER_NUMBER_OBJECT_CONVERSION = YES_AGGRESSIVE;
				CLANG_CXX_LANGUAGE_STANDARD = "gnu++14";
				CLANG_CXX_LIBRARY = "libc++";
				CLANG_ENABLE_MODULES = YES;
				CLANG_ENABLE_OBJC_ARC = YES;
				CLANG_ENABLE_OBJC_WEAK = YES;
				CLANG_WARN_BLOCK_CAPTURE_AUTORELEASING = YES;
				CLANG_WARN_BOOL_CONVERSION = YES;
				CLANG_WARN_COMMA = YES;
				CLANG_WARN_CONSTANT_CONVERSION = YES;
				CLANG_WARN_DEPRECATED_OBJC_IMPLEMENTATIONS = YES;
				CLANG_WARN_DIRECT_OBJC_ISA_USAGE = YES_ERROR;
				CLANG_WARN_DOCUMENTATION_COMMENTS = YES;
				CLANG_WARN_EMPTY_BODY = YES;
				CLANG_WARN_ENUM_CONVERSION = YES;
				CLANG_WARN_INFINITE_RECURSION = YES;
				CLANG_WARN_INT_CONVERSION = YES;
				CLANG_WARN_NON_LITERAL_NULL_CONVERSION = YES;
				CLANG_WARN_OBJC_IMPLICIT_RETAIN_SELF = YES;
				CLANG_WARN_OBJC_LITERAL_CONVERSION = YES;
				CLANG_WARN_OBJC_ROOT_CLASS = YES_ERROR;
				CLANG_WARN_QUOTED_INCLUDE_IN_FRAMEWORK_HEADER = YES;
				CLANG_WARN_RANGE_LOOP_ANALYSIS = YES;
				CLANG_WARN_STRICT_PROTOTYPES = YES;
				CLANG_WARN_SUSPICIOUS_MOVE = YES;
				CLANG_WARN_UNGUARDED_AVAILABILITY = YES_AGGRESSIVE;
				CLANG_WARN_UNREACHABLE_CODE = YES;
				CLANG_WARN__DUPLICATE_METHOD_MATCH = YES;
				COPY_PHASE_STRIP = NO;
				DEBUG_INFORMATION_FORMAT = dwarf;
				ENABLE_STRICT_OBJC_MSGSEND = YES;
				ENABLE_TESTABILITY = YES;
				GCC_C_LANGUAGE_STANDARD = gnu11;
				GCC_DYNAMIC_NO_PIC = NO;
				GCC_NO_COMMON_BLOCKS = YES;
				GCC_OPTIMIZATION_LEVEL = 0;
				GCC_PREPROCESSOR_DEFINITIONS = (
					"DEBUG=1",
					"$(inherited)",
				);
				GCC_WARN_64_TO_32_BIT_CONVERSION = YES;
				GCC_WARN_ABOUT_RETURN_TYPE = YES_ERROR;
				GCC_WARN_UNDECLARED_SELECTOR = YES;
				GCC_WARN_UNINITIALIZED_AUTOS = YES_AGGRESSIVE;
				GCC_WARN_UNUSED_FUNCTION = YES;
				GCC_WARN_UNUSED_VARIABLE = YES;
				IPHONEOS_DEPLOYMENT_TARGET = 14.5;
				MTL_ENABLE_DEBUG_INFO = INCLUDE_SOURCE;
				MTL_FAST_MATH = YES;
				ONLY_ACTIVE_ARCH = YES;
				SDKROOT = iphoneos;
				SWIFT_ACTIVE_COMPILATION_CONDITIONS = DEBUG;
				SWIFT_OPTIMIZATION_LEVEL = "-Onone";
			};
			name = Debug;
		};
		A095AB272736E19900DD0022 /* Release */ = {
			isa = XCBuildConfiguration;
			buildSettings = {
				ALWAYS_SEARCH_USER_PATHS = NO;
				CLANG_ANALYZER_NONNULL = YES;
				CLANG_ANALYZER_NUMBER_OBJECT_CONVERSION = YES_AGGRESSIVE;
				CLANG_CXX_LANGUAGE_STANDARD = "gnu++14";
				CLANG_CXX_LIBRARY = "libc++";
				CLANG_ENABLE_MODULES = YES;
				CLANG_ENABLE_OBJC_ARC = YES;
				CLANG_ENABLE_OBJC_WEAK = YES;
				CLANG_WARN_BLOCK_CAPTURE_AUTORELEASING = YES;
				CLANG_WARN_BOOL_CONVERSION = YES;
				CLANG_WARN_COMMA = YES;
				CLANG_WARN_CONSTANT_CONVERSION = YES;
				CLANG_WARN_DEPRECATED_OBJC_IMPLEMENTATIONS = YES;
				CLANG_WARN_DIRECT_OBJC_ISA_USAGE = YES_ERROR;
				CLANG_WARN_DOCUMENTATION_COMMENTS = YES;
				CLANG_WARN_EMPTY_BODY = YES;
				CLANG_WARN_ENUM_CONVERSION = YES;
				CLANG_WARN_INFINITE_RECURSION = YES;
				CLANG_WARN_INT_CONVERSION = YES;
				CLANG_WARN_NON_LITERAL_NULL_CONVERSION = YES;
				CLANG_WARN_OBJC_IMPLICIT_RETAIN_SELF = YES;
				CLANG_WARN_OBJC_LITERAL_CONVERSION = YES;
				CLANG_WARN_OBJC_ROOT_CLASS = YES_ERROR;
				CLANG_WARN_QUOTED_INCLUDE_IN_FRAMEWORK_HEADER = YES;
				CLANG_WARN_RANGE_LOOP_ANALYSIS = YES;
				CLANG_WARN_STRICT_PROTOTYPES = YES;
				CLANG_WARN_SUSPICIOUS_MOVE = YES;
				CLANG_WARN_UNGUARDED_AVAILABILITY = YES_AGGRESSIVE;
				CLANG_WARN_UNREACHABLE_CODE = YES;
				CLANG_WARN__DUPLICATE_METHOD_MATCH = YES;
				COPY_PHASE_STRIP = NO;
				DEBUG_INFORMATION_FORMAT = "dwarf-with-dsym";
				ENABLE_NS_ASSERTIONS = NO;
				ENABLE_STRICT_OBJC_MSGSEND = YES;
				GCC_C_LANGUAGE_STANDARD = gnu11;
				GCC_NO_COMMON_BLOCKS = YES;
				GCC_WARN_64_TO_32_BIT_CONVERSION = YES;
				GCC_WARN_ABOUT_RETURN_TYPE = YES_ERROR;
				GCC_WARN_UNDECLARED_SELECTOR = YES;
				GCC_WARN_UNINITIALIZED_AUTOS = YES_AGGRESSIVE;
				GCC_WARN_UNUSED_FUNCTION = YES;
				GCC_WARN_UNUSED_VARIABLE = YES;
				IPHONEOS_DEPLOYMENT_TARGET = 14.5;
				MTL_ENABLE_DEBUG_INFO = NO;
				MTL_FAST_MATH = YES;
				SDKROOT = iphoneos;
				SWIFT_COMPILATION_MODE = wholemodule;
				SWIFT_OPTIMIZATION_LEVEL = "-O";
				VALIDATE_PRODUCT = YES;
			};
			name = Release;
		};
		A095AB292736E19900DD0022 /* Debug */ = {
			isa = XCBuildConfiguration;
			buildSettings = {
				ASSETCATALOG_COMPILER_APPICON_NAME = AppIcon;
				ASSETCATALOG_COMPILER_GLOBAL_ACCENT_COLOR_NAME = AccentColor;
				CODE_SIGN_STYLE = Automatic;
				DEVELOPMENT_ASSET_PATHS = "\"anacronysm/Preview Content\"";
				DEVELOPMENT_TEAM = ZMR88Z3RES;
				ENABLE_PREVIEWS = YES;
				INFOPLIST_FILE = anacronysm/Info.plist;
				IPHONEOS_DEPLOYMENT_TARGET = 14.0;
				LD_RUNPATH_SEARCH_PATHS = (
					"$(inherited)",
					"@executable_path/Frameworks",
				);
				PRODUCT_BUNDLE_IDENTIFIER = cl.mpsoluciones.anacronyms;
				PRODUCT_NAME = "$(TARGET_NAME)";
				SWIFT_VERSION = 5.0;
				TARGETED_DEVICE_FAMILY = "1,2";
			};
			name = Debug;
		};
		A095AB2A2736E19900DD0022 /* Release */ = {
			isa = XCBuildConfiguration;
			buildSettings = {
				ASSETCATALOG_COMPILER_APPICON_NAME = AppIcon;
				ASSETCATALOG_COMPILER_GLOBAL_ACCENT_COLOR_NAME = AccentColor;
				CODE_SIGN_STYLE = Automatic;
				DEVELOPMENT_ASSET_PATHS = "\"anacronysm/Preview Content\"";
				DEVELOPMENT_TEAM = ZMR88Z3RES;
				ENABLE_PREVIEWS = YES;
				INFOPLIST_FILE = anacronysm/Info.plist;
				IPHONEOS_DEPLOYMENT_TARGET = 14.0;
				LD_RUNPATH_SEARCH_PATHS = (
					"$(inherited)",
					"@executable_path/Frameworks",
				);
				PRODUCT_BUNDLE_IDENTIFIER = cl.mpsoluciones.anacronyms;
				PRODUCT_NAME = "$(TARGET_NAME)";
				SWIFT_VERSION = 5.0;
				TARGETED_DEVICE_FAMILY = "1,2";
			};
			name = Release;
		};
		A095AB2C2736E19900DD0022 /* Debug */ = {
			isa = XCBuildConfiguration;
			buildSettings = {
				ALWAYS_EMBED_SWIFT_STANDARD_LIBRARIES = YES;
				BUNDLE_LOADER = "$(TEST_HOST)";
				CODE_SIGN_STYLE = Automatic;
				DEVELOPMENT_TEAM = ZMR88Z3RES;
				INFOPLIST_FILE = anacronysmTests/Info.plist;
				IPHONEOS_DEPLOYMENT_TARGET = 14.0;
				LD_RUNPATH_SEARCH_PATHS = (
					"$(inherited)",
					"@executable_path/Frameworks",
					"@loader_path/Frameworks",
				);
				PRODUCT_BUNDLE_IDENTIFIER = cl.mpsoluciones.anacronysmTests;
				PRODUCT_NAME = "$(TARGET_NAME)";
				SWIFT_VERSION = 5.0;
				TARGETED_DEVICE_FAMILY = "1,2";
				TEST_HOST = "$(BUILT_PRODUCTS_DIR)/anacronyms.app/anacronyms";
			};
			name = Debug;
		};
		A095AB2D2736E19900DD0022 /* Release */ = {
			isa = XCBuildConfiguration;
			buildSettings = {
				ALWAYS_EMBED_SWIFT_STANDARD_LIBRARIES = YES;
				BUNDLE_LOADER = "$(TEST_HOST)";
				CODE_SIGN_STYLE = Automatic;
				DEVELOPMENT_TEAM = ZMR88Z3RES;
				INFOPLIST_FILE = anacronysmTests/Info.plist;
				IPHONEOS_DEPLOYMENT_TARGET = 14.0;
				LD_RUNPATH_SEARCH_PATHS = (
					"$(inherited)",
					"@executable_path/Frameworks",
					"@loader_path/Frameworks",
				);
				PRODUCT_BUNDLE_IDENTIFIER = cl.mpsoluciones.anacronysmTests;
				PRODUCT_NAME = "$(TARGET_NAME)";
				SWIFT_VERSION = 5.0;
				TARGETED_DEVICE_FAMILY = "1,2";
				TEST_HOST = "$(BUILT_PRODUCTS_DIR)/anacronyms.app/anacronyms";
			};
			name = Release;
		};
/* End XCBuildConfiguration section */

/* Begin XCConfigurationList section */
		A095AAFE2736E19600DD0022 /* Build configuration list for PBXProject "anacronyms" */ = {
			isa = XCConfigurationList;
			buildConfigurations = (
				A095AB262736E19900DD0022 /* Debug */,
				A095AB272736E19900DD0022 /* Release */,
			);
			defaultConfigurationIsVisible = 0;
			defaultConfigurationName = Release;
		};
		A095AB282736E19900DD0022 /* Build configuration list for PBXNativeTarget "anacronyms" */ = {
			isa = XCConfigurationList;
			buildConfigurations = (
				A095AB292736E19900DD0022 /* Debug */,
				A095AB2A2736E19900DD0022 /* Release */,
			);
			defaultConfigurationIsVisible = 0;
			defaultConfigurationName = Release;
		};
		A095AB2B2736E19900DD0022 /* Build configuration list for PBXNativeTarget "anacronymsTests" */ = {
			isa = XCConfigurationList;
			buildConfigurations = (
				A095AB2C2736E19900DD0022 /* Debug */,
				A095AB2D2736E19900DD0022 /* Release */,
			);
			defaultConfigurationIsVisible = 0;
			defaultConfigurationName = Release;
		};
/* End XCConfigurationList section */

/* Begin XCRemoteSwiftPackageReference section */
		A095AB45273748CD00DD0022 /* XCRemoteSwiftPackageReference "ActivityIndicatorView" */ = {
			isa = XCRemoteSwiftPackageReference;
			repositoryURL = "https://github.com/exyte/ActivityIndicatorView";
			requirement = {
				kind = upToNextMajorVersion;
				minimumVersion = 1.0.1;
			};
		};
		A0CBF12B273868420088AC7D /* XCRemoteSwiftPackageReference "AlertToast" */ = {
			isa = XCRemoteSwiftPackageReference;
			repositoryURL = "https://github.com/elai950/AlertToast.git";
			requirement = {
				kind = upToNextMajorVersion;
				minimumVersion = 1.3.7;
			};
		};
/* End XCRemoteSwiftPackageReference section */

/* Begin XCSwiftPackageProductDependency section */
		A095AB46273748CD00DD0022 /* ActivityIndicatorView */ = {
			isa = XCSwiftPackageProductDependency;
			package = A095AB45273748CD00DD0022 /* XCRemoteSwiftPackageReference "ActivityIndicatorView" */;
			productName = ActivityIndicatorView;
		};
		A0CBF12C273868420088AC7D /* AlertToast */ = {
			isa = XCSwiftPackageProductDependency;
			package = A0CBF12B273868420088AC7D /* XCRemoteSwiftPackageReference "AlertToast" */;
			productName = AlertToast;
		};
/* End XCSwiftPackageProductDependency section */
	};
	rootObject = A095AAFB2736E19600DD0022 /* Project object */;
}
